// !$*UTF8*$!
{
	archiveVersion = 1;
	classes = {
	};
	objectVersion = 50;
	objects = {

/* Begin PBXBuildFile section */
		8014951C261598D600A51700 /* PortUtils.swift in Sources */ = {isa = PBXBuildFile; fileRef = 8014951B261598D600A51700 /* PortUtils.swift */; };
		80D6DEBB252E13CB00AEED9E /* AppDelegate.swift in Sources */ = {isa = PBXBuildFile; fileRef = 80D6DEBA252E13CB00AEED9E /* AppDelegate.swift */; };
		80D6DEBD252E13CB00AEED9E /* ViewController.swift in Sources */ = {isa = PBXBuildFile; fileRef = 80D6DEBC252E13CB00AEED9E /* ViewController.swift */; };
		80D6DEBF252E13CD00AEED9E /* Assets.xcassets in Resources */ = {isa = PBXBuildFile; fileRef = 80D6DEBE252E13CD00AEED9E /* Assets.xcassets */; };
		80D6DEC2252E13CD00AEED9E /* Main.storyboard in Resources */ = {isa = PBXBuildFile; fileRef = 80D6DEC0252E13CD00AEED9E /* Main.storyboard */; };
		80D6DECE252E13CD00AEED9E /* FocalboardTests.swift in Sources */ = {isa = PBXBuildFile; fileRef = 80D6DECD252E13CD00AEED9E /* FocalboardTests.swift */; };
		80D6DED9252E13CD00AEED9E /* FocalboardUITests.swift in Sources */ = {isa = PBXBuildFile; fileRef = 80D6DED8252E13CD00AEED9E /* FocalboardUITests.swift */; };
		80D6DEEA252E15D100AEED9E /* resources in Resources */ = {isa = PBXBuildFile; fileRef = 80D6DEE9252E15D100AEED9E /* resources */; };
		80D6DF18252F9BDE00AEED9E /* AutoSaveWindowController.swift in Sources */ = {isa = PBXBuildFile; fileRef = 80D6DF17252F9BDE00AEED9E /* AutoSaveWindowController.swift */; };
		80F8BF502624E1BB00FF3943 /* WhatsNewViewController.swift in Sources */ = {isa = PBXBuildFile; fileRef = 80F8BF4F2624E1BB00FF3943 /* WhatsNewViewController.swift */; };
		80F8BF582624EB0C00FF3943 /* Globals.swift in Sources */ = {isa = PBXBuildFile; fileRef = 80F8BF572624EB0C00FF3943 /* Globals.swift */; };
/* End PBXBuildFile section */

/* Begin PBXContainerItemProxy section */
		80D6DECA252E13CD00AEED9E /* PBXContainerItemProxy */ = {
			isa = PBXContainerItemProxy;
			containerPortal = 80D6DEAF252E13CB00AEED9E /* Project object */;
			proxyType = 1;
			remoteGlobalIDString = 80D6DEB6252E13CB00AEED9E;
			remoteInfo = Focalboard;
		};
		80D6DED5252E13CD00AEED9E /* PBXContainerItemProxy */ = {
			isa = PBXContainerItemProxy;
			containerPortal = 80D6DEAF252E13CB00AEED9E /* Project object */;
			proxyType = 1;
			remoteGlobalIDString = 80D6DEB6252E13CB00AEED9E;
			remoteInfo = Focalboard;
		};
/* End PBXContainerItemProxy section */

/* Begin PBXFileReference section */
		8014951B261598D600A51700 /* PortUtils.swift */ = {isa = PBXFileReference; lastKnownFileType = sourcecode.swift; path = PortUtils.swift; sourceTree = "<group>"; };
		80D6DEB7252E13CB00AEED9E /* Focalboard.app */ = {isa = PBXFileReference; explicitFileType = wrapper.application; includeInIndex = 0; path = Focalboard.app; sourceTree = BUILT_PRODUCTS_DIR; };
		80D6DEBA252E13CB00AEED9E /* AppDelegate.swift */ = {isa = PBXFileReference; lastKnownFileType = sourcecode.swift; path = AppDelegate.swift; sourceTree = "<group>"; };
		80D6DEBC252E13CB00AEED9E /* ViewController.swift */ = {isa = PBXFileReference; lastKnownFileType = sourcecode.swift; path = ViewController.swift; sourceTree = "<group>"; };
		80D6DEBE252E13CD00AEED9E /* Assets.xcassets */ = {isa = PBXFileReference; lastKnownFileType = folder.assetcatalog; path = Assets.xcassets; sourceTree = "<group>"; };
		80D6DEC1252E13CD00AEED9E /* Base */ = {isa = PBXFileReference; lastKnownFileType = file.storyboard; name = Base; path = Base.lproj/Main.storyboard; sourceTree = "<group>"; };
		80D6DEC3252E13CD00AEED9E /* Info.plist */ = {isa = PBXFileReference; lastKnownFileType = text.plist.xml; path = Info.plist; sourceTree = "<group>"; };
		80D6DEC4252E13CD00AEED9E /* Focalboard.entitlements */ = {isa = PBXFileReference; lastKnownFileType = text.plist.entitlements; path = Focalboard.entitlements; sourceTree = "<group>"; };
		80D6DEC9252E13CD00AEED9E /* FocalboardTests.xctest */ = {isa = PBXFileReference; explicitFileType = wrapper.cfbundle; includeInIndex = 0; path = FocalboardTests.xctest; sourceTree = BUILT_PRODUCTS_DIR; };
		80D6DECD252E13CD00AEED9E /* FocalboardTests.swift */ = {isa = PBXFileReference; lastKnownFileType = sourcecode.swift; path = FocalboardTests.swift; sourceTree = "<group>"; };
		80D6DECF252E13CD00AEED9E /* Info.plist */ = {isa = PBXFileReference; lastKnownFileType = text.plist.xml; path = Info.plist; sourceTree = "<group>"; };
		80D6DED4252E13CD00AEED9E /* FocalboardUITests.xctest */ = {isa = PBXFileReference; explicitFileType = wrapper.cfbundle; includeInIndex = 0; path = FocalboardUITests.xctest; sourceTree = BUILT_PRODUCTS_DIR; };
		80D6DED8252E13CD00AEED9E /* FocalboardUITests.swift */ = {isa = PBXFileReference; lastKnownFileType = sourcecode.swift; path = FocalboardUITests.swift; sourceTree = "<group>"; };
		80D6DEDA252E13CD00AEED9E /* Info.plist */ = {isa = PBXFileReference; lastKnownFileType = text.plist.xml; path = Info.plist; sourceTree = "<group>"; };
		80D6DEE9252E15D100AEED9E /* resources */ = {isa = PBXFileReference; lastKnownFileType = folder; path = resources; sourceTree = "<group>"; };
		80D6DF17252F9BDE00AEED9E /* AutoSaveWindowController.swift */ = {isa = PBXFileReference; lastKnownFileType = sourcecode.swift; path = AutoSaveWindowController.swift; sourceTree = "<group>"; };
		80D6DF1C25324A4F00AEED9E /* Inherit.entitlements */ = {isa = PBXFileReference; lastKnownFileType = text.plist.entitlements; path = Inherit.entitlements; sourceTree = "<group>"; };
		80F8BF4F2624E1BB00FF3943 /* WhatsNewViewController.swift */ = {isa = PBXFileReference; lastKnownFileType = sourcecode.swift; path = WhatsNewViewController.swift; sourceTree = "<group>"; };
		80F8BF572624EB0C00FF3943 /* Globals.swift */ = {isa = PBXFileReference; lastKnownFileType = sourcecode.swift; path = Globals.swift; sourceTree = "<group>"; };
/* End PBXFileReference section */

/* Begin PBXFrameworksBuildPhase section */
		80D6DEB4252E13CB00AEED9E /* Frameworks */ = {
			isa = PBXFrameworksBuildPhase;
			buildActionMask = 2147483647;
			files = (
			);
			runOnlyForDeploymentPostprocessing = 0;
		};
		80D6DEC6252E13CD00AEED9E /* Frameworks */ = {
			isa = PBXFrameworksBuildPhase;
			buildActionMask = 2147483647;
			files = (
			);
			runOnlyForDeploymentPostprocessing = 0;
		};
		80D6DED1252E13CD00AEED9E /* Frameworks */ = {
			isa = PBXFrameworksBuildPhase;
			buildActionMask = 2147483647;
			files = (
			);
			runOnlyForDeploymentPostprocessing = 0;
		};
/* End PBXFrameworksBuildPhase section */

/* Begin PBXGroup section */
		80D6DEAE252E13CB00AEED9E = {
			isa = PBXGroup;
			children = (
				80D6DEB9252E13CB00AEED9E /* Focalboard */,
				80D6DECC252E13CD00AEED9E /* FocalboardTests */,
				80D6DEE9252E15D100AEED9E /* resources */,
				80D6DED7252E13CD00AEED9E /* FocalboardUITests */,
				80D6DEB8252E13CB00AEED9E /* Products */,
			);
			sourceTree = "<group>";
		};
		80D6DEB8252E13CB00AEED9E /* Products */ = {
			isa = PBXGroup;
			children = (
				80D6DEB7252E13CB00AEED9E /* Focalboard.app */,
				80D6DEC9252E13CD00AEED9E /* FocalboardTests.xctest */,
				80D6DED4252E13CD00AEED9E /* FocalboardUITests.xctest */,
			);
			name = Products;
			sourceTree = "<group>";
		};
		80D6DEB9252E13CB00AEED9E /* Focalboard */ = {
			isa = PBXGroup;
			children = (
				80D6DEBA252E13CB00AEED9E /* AppDelegate.swift */,
				80F8BF572624EB0C00FF3943 /* Globals.swift */,
				8014951B261598D600A51700 /* PortUtils.swift */,
				80D6DEBC252E13CB00AEED9E /* ViewController.swift */,
				80F8BF4F2624E1BB00FF3943 /* WhatsNewViewController.swift */,
				80D6DF17252F9BDE00AEED9E /* AutoSaveWindowController.swift */,
				80D6DEBE252E13CD00AEED9E /* Assets.xcassets */,
				80D6DEC0252E13CD00AEED9E /* Main.storyboard */,
				80D6DEC3252E13CD00AEED9E /* Info.plist */,
				80D6DEC4252E13CD00AEED9E /* Focalboard.entitlements */,
				80D6DF1C25324A4F00AEED9E /* Inherit.entitlements */,
			);
			path = Focalboard;
			sourceTree = "<group>";
		};
		80D6DECC252E13CD00AEED9E /* FocalboardTests */ = {
			isa = PBXGroup;
			children = (
				80D6DECD252E13CD00AEED9E /* FocalboardTests.swift */,
				80D6DECF252E13CD00AEED9E /* Info.plist */,
			);
			path = FocalboardTests;
			sourceTree = "<group>";
		};
		80D6DED7252E13CD00AEED9E /* FocalboardUITests */ = {
			isa = PBXGroup;
			children = (
				80D6DED8252E13CD00AEED9E /* FocalboardUITests.swift */,
				80D6DEDA252E13CD00AEED9E /* Info.plist */,
			);
			path = FocalboardUITests;
			sourceTree = "<group>";
		};
/* End PBXGroup section */

/* Begin PBXNativeTarget section */
		80D6DEB6252E13CB00AEED9E /* Focalboard */ = {
			isa = PBXNativeTarget;
			buildConfigurationList = 80D6DEDD252E13CD00AEED9E /* Build configuration list for PBXNativeTarget "Focalboard" */;
			buildPhases = (
				80D6DEB3252E13CB00AEED9E /* Sources */,
				80D6DEB4252E13CB00AEED9E /* Frameworks */,
				80D6DEB5252E13CB00AEED9E /* Resources */,
				80D6DF1D25324A8100AEED9E /* ShellScript */,
			);
			buildRules = (
			);
			dependencies = (
			);
			name = Focalboard;
			productName = Focalboard;
			productReference = 80D6DEB7252E13CB00AEED9E /* Focalboard.app */;
			productType = "com.apple.product-type.application";
		};
		80D6DEC8252E13CD00AEED9E /* FocalboardTests */ = {
			isa = PBXNativeTarget;
			buildConfigurationList = 80D6DEE0252E13CD00AEED9E /* Build configuration list for PBXNativeTarget "FocalboardTests" */;
			buildPhases = (
				80D6DEC5252E13CD00AEED9E /* Sources */,
				80D6DEC6252E13CD00AEED9E /* Frameworks */,
				80D6DEC7252E13CD00AEED9E /* Resources */,
			);
			buildRules = (
			);
			dependencies = (
				80D6DECB252E13CD00AEED9E /* PBXTargetDependency */,
			);
			name = FocalboardTests;
			productName = FocalboardTests;
			productReference = 80D6DEC9252E13CD00AEED9E /* FocalboardTests.xctest */;
			productType = "com.apple.product-type.bundle.unit-test";
		};
		80D6DED3252E13CD00AEED9E /* FocalboardUITests */ = {
			isa = PBXNativeTarget;
			buildConfigurationList = 80D6DEE3252E13CD00AEED9E /* Build configuration list for PBXNativeTarget "FocalboardUITests" */;
			buildPhases = (
				80D6DED0252E13CD00AEED9E /* Sources */,
				80D6DED1252E13CD00AEED9E /* Frameworks */,
				80D6DED2252E13CD00AEED9E /* Resources */,
			);
			buildRules = (
			);
			dependencies = (
				80D6DED6252E13CD00AEED9E /* PBXTargetDependency */,
			);
			name = FocalboardUITests;
			productName = FocalboardUITests;
			productReference = 80D6DED4252E13CD00AEED9E /* FocalboardUITests.xctest */;
			productType = "com.apple.product-type.bundle.ui-testing";
		};
/* End PBXNativeTarget section */

/* Begin PBXProject section */
		80D6DEAF252E13CB00AEED9E /* Project object */ = {
			isa = PBXProject;
			attributes = {
				LastSwiftUpdateCheck = 1200;
				LastUpgradeCheck = 1200;
				TargetAttributes = {
					80D6DEB6252E13CB00AEED9E = {
						CreatedOnToolsVersion = 12.0;
					};
					80D6DEC8252E13CD00AEED9E = {
						CreatedOnToolsVersion = 12.0;
						TestTargetID = 80D6DEB6252E13CB00AEED9E;
					};
					80D6DED3252E13CD00AEED9E = {
						CreatedOnToolsVersion = 12.0;
						TestTargetID = 80D6DEB6252E13CB00AEED9E;
					};
				};
			};
			buildConfigurationList = 80D6DEB2252E13CB00AEED9E /* Build configuration list for PBXProject "Focalboard" */;
			compatibilityVersion = "Xcode 9.3";
			developmentRegion = en;
			hasScannedForEncodings = 0;
			knownRegions = (
				en,
				Base,
			);
			mainGroup = 80D6DEAE252E13CB00AEED9E;
			productRefGroup = 80D6DEB8252E13CB00AEED9E /* Products */;
			projectDirPath = "";
			projectRoot = "";
			targets = (
				80D6DEB6252E13CB00AEED9E /* Focalboard */,
				80D6DEC8252E13CD00AEED9E /* FocalboardTests */,
				80D6DED3252E13CD00AEED9E /* FocalboardUITests */,
			);
		};
/* End PBXProject section */

/* Begin PBXResourcesBuildPhase section */
		80D6DEB5252E13CB00AEED9E /* Resources */ = {
			isa = PBXResourcesBuildPhase;
			buildActionMask = 2147483647;
			files = (
				80D6DEBF252E13CD00AEED9E /* Assets.xcassets in Resources */,
				80D6DEEA252E15D100AEED9E /* resources in Resources */,
				80D6DEC2252E13CD00AEED9E /* Main.storyboard in Resources */,
			);
			runOnlyForDeploymentPostprocessing = 0;
		};
		80D6DEC7252E13CD00AEED9E /* Resources */ = {
			isa = PBXResourcesBuildPhase;
			buildActionMask = 2147483647;
			files = (
			);
			runOnlyForDeploymentPostprocessing = 0;
		};
		80D6DED2252E13CD00AEED9E /* Resources */ = {
			isa = PBXResourcesBuildPhase;
			buildActionMask = 2147483647;
			files = (
			);
			runOnlyForDeploymentPostprocessing = 0;
		};
/* End PBXResourcesBuildPhase section */

/* Begin PBXShellScriptBuildPhase section */
		80D6DF1D25324A8100AEED9E /* ShellScript */ = {
			isa = PBXShellScriptBuildPhase;
			buildActionMask = 2147483647;
			files = (
			);
			inputFileListPaths = (
			);
			inputPaths = (
			);
			outputFileListPaths = (
			);
			outputPaths = (
			);
			runOnlyForDeploymentPostprocessing = 0;
			shellPath = /bin/sh;
			shellScript = "# Un-comment this to enable codesign\n# /usr/bin/codesign --force --timestamp --options runtime --sign \"$CODE_SIGN_IDENTITY\" -i \"com.mattermost.focalboardServer\" --entitlement \"$PROJECT_DIR/Focalboard/Inherit.entitlements\" \"$BUILD_DIR/$CONFIGURATION/$EXECUTABLE_FOLDER_PATH/../Resources/resources/bin/focalboard-server\"\n";
		};
/* End PBXShellScriptBuildPhase section */

/* Begin PBXSourcesBuildPhase section */
		80D6DEB3252E13CB00AEED9E /* Sources */ = {
			isa = PBXSourcesBuildPhase;
			buildActionMask = 2147483647;
			files = (
				8014951C261598D600A51700 /* PortUtils.swift in Sources */,
				80F8BF502624E1BB00FF3943 /* WhatsNewViewController.swift in Sources */,
				80F8BF582624EB0C00FF3943 /* Globals.swift in Sources */,
				80D6DF18252F9BDE00AEED9E /* AutoSaveWindowController.swift in Sources */,
				80D6DEBD252E13CB00AEED9E /* ViewController.swift in Sources */,
				80D6DEBB252E13CB00AEED9E /* AppDelegate.swift in Sources */,
			);
			runOnlyForDeploymentPostprocessing = 0;
		};
		80D6DEC5252E13CD00AEED9E /* Sources */ = {
			isa = PBXSourcesBuildPhase;
			buildActionMask = 2147483647;
			files = (
				80D6DECE252E13CD00AEED9E /* FocalboardTests.swift in Sources */,
			);
			runOnlyForDeploymentPostprocessing = 0;
		};
		80D6DED0252E13CD00AEED9E /* Sources */ = {
			isa = PBXSourcesBuildPhase;
			buildActionMask = 2147483647;
			files = (
				80D6DED9252E13CD00AEED9E /* FocalboardUITests.swift in Sources */,
			);
			runOnlyForDeploymentPostprocessing = 0;
		};
/* End PBXSourcesBuildPhase section */

/* Begin PBXTargetDependency section */
		80D6DECB252E13CD00AEED9E /* PBXTargetDependency */ = {
			isa = PBXTargetDependency;
			target = 80D6DEB6252E13CB00AEED9E /* Focalboard */;
			targetProxy = 80D6DECA252E13CD00AEED9E /* PBXContainerItemProxy */;
		};
		80D6DED6252E13CD00AEED9E /* PBXTargetDependency */ = {
			isa = PBXTargetDependency;
			target = 80D6DEB6252E13CB00AEED9E /* Focalboard */;
			targetProxy = 80D6DED5252E13CD00AEED9E /* PBXContainerItemProxy */;
		};
/* End PBXTargetDependency section */

/* Begin PBXVariantGroup section */
		80D6DEC0252E13CD00AEED9E /* Main.storyboard */ = {
			isa = PBXVariantGroup;
			children = (
				80D6DEC1252E13CD00AEED9E /* Base */,
			);
			name = Main.storyboard;
			sourceTree = "<group>";
		};
/* End PBXVariantGroup section */

/* Begin XCBuildConfiguration section */
		80D6DEDB252E13CD00AEED9E /* Debug */ = {
			isa = XCBuildConfiguration;
			buildSettings = {
				ALWAYS_SEARCH_USER_PATHS = NO;
				CLANG_ANALYZER_NONNULL = YES;
				CLANG_ANALYZER_NUMBER_OBJECT_CONVERSION = YES_AGGRESSIVE;
				CLANG_CXX_LANGUAGE_STANDARD = "gnu++14";
				CLANG_CXX_LIBRARY = "libc++";
				CLANG_ENABLE_MODULES = YES;
				CLANG_ENABLE_OBJC_ARC = YES;
				CLANG_ENABLE_OBJC_WEAK = YES;
				CLANG_WARN_BLOCK_CAPTURE_AUTORELEASING = YES;
				CLANG_WARN_BOOL_CONVERSION = YES;
				CLANG_WARN_COMMA = YES;
				CLANG_WARN_CONSTANT_CONVERSION = YES;
				CLANG_WARN_DEPRECATED_OBJC_IMPLEMENTATIONS = YES;
				CLANG_WARN_DIRECT_OBJC_ISA_USAGE = YES_ERROR;
				CLANG_WARN_DOCUMENTATION_COMMENTS = YES;
				CLANG_WARN_EMPTY_BODY = YES;
				CLANG_WARN_ENUM_CONVERSION = YES;
				CLANG_WARN_INFINITE_RECURSION = YES;
				CLANG_WARN_INT_CONVERSION = YES;
				CLANG_WARN_NON_LITERAL_NULL_CONVERSION = YES;
				CLANG_WARN_OBJC_IMPLICIT_RETAIN_SELF = YES;
				CLANG_WARN_OBJC_LITERAL_CONVERSION = YES;
				CLANG_WARN_OBJC_ROOT_CLASS = YES_ERROR;
				CLANG_WARN_QUOTED_INCLUDE_IN_FRAMEWORK_HEADER = YES;
				CLANG_WARN_RANGE_LOOP_ANALYSIS = YES;
				CLANG_WARN_STRICT_PROTOTYPES = YES;
				CLANG_WARN_SUSPICIOUS_MOVE = YES;
				CLANG_WARN_UNGUARDED_AVAILABILITY = YES_AGGRESSIVE;
				CLANG_WARN_UNREACHABLE_CODE = YES;
				CLANG_WARN__DUPLICATE_METHOD_MATCH = YES;
				COPY_PHASE_STRIP = NO;
				DEBUG_INFORMATION_FORMAT = dwarf;
				ENABLE_STRICT_OBJC_MSGSEND = YES;
				ENABLE_TESTABILITY = YES;
				GCC_C_LANGUAGE_STANDARD = gnu11;
				GCC_DYNAMIC_NO_PIC = NO;
				GCC_NO_COMMON_BLOCKS = YES;
				GCC_OPTIMIZATION_LEVEL = 0;
				GCC_PREPROCESSOR_DEFINITIONS = (
					"DEBUG=1",
					"$(inherited)",
				);
				GCC_WARN_64_TO_32_BIT_CONVERSION = YES;
				GCC_WARN_ABOUT_RETURN_TYPE = YES_ERROR;
				GCC_WARN_UNDECLARED_SELECTOR = YES;
				GCC_WARN_UNINITIALIZED_AUTOS = YES_AGGRESSIVE;
				GCC_WARN_UNUSED_FUNCTION = YES;
				GCC_WARN_UNUSED_VARIABLE = YES;
				MACOSX_DEPLOYMENT_TARGET = 10.14;
				MTL_ENABLE_DEBUG_INFO = INCLUDE_SOURCE;
				MTL_FAST_MATH = YES;
				ONLY_ACTIVE_ARCH = YES;
				SDKROOT = macosx;
				SWIFT_ACTIVE_COMPILATION_CONDITIONS = DEBUG;
				SWIFT_OPTIMIZATION_LEVEL = "-Onone";
			};
			name = Debug;
		};
		80D6DEDC252E13CD00AEED9E /* Release */ = {
			isa = XCBuildConfiguration;
			buildSettings = {
				ALWAYS_SEARCH_USER_PATHS = NO;
				CLANG_ANALYZER_NONNULL = YES;
				CLANG_ANALYZER_NUMBER_OBJECT_CONVERSION = YES_AGGRESSIVE;
				CLANG_CXX_LANGUAGE_STANDARD = "gnu++14";
				CLANG_CXX_LIBRARY = "libc++";
				CLANG_ENABLE_MODULES = YES;
				CLANG_ENABLE_OBJC_ARC = YES;
				CLANG_ENABLE_OBJC_WEAK = YES;
				CLANG_WARN_BLOCK_CAPTURE_AUTORELEASING = YES;
				CLANG_WARN_BOOL_CONVERSION = YES;
				CLANG_WARN_COMMA = YES;
				CLANG_WARN_CONSTANT_CONVERSION = YES;
				CLANG_WARN_DEPRECATED_OBJC_IMPLEMENTATIONS = YES;
				CLANG_WARN_DIRECT_OBJC_ISA_USAGE = YES_ERROR;
				CLANG_WARN_DOCUMENTATION_COMMENTS = YES;
				CLANG_WARN_EMPTY_BODY = YES;
				CLANG_WARN_ENUM_CONVERSION = YES;
				CLANG_WARN_INFINITE_RECURSION = YES;
				CLANG_WARN_INT_CONVERSION = YES;
				CLANG_WARN_NON_LITERAL_NULL_CONVERSION = YES;
				CLANG_WARN_OBJC_IMPLICIT_RETAIN_SELF = YES;
				CLANG_WARN_OBJC_LITERAL_CONVERSION = YES;
				CLANG_WARN_OBJC_ROOT_CLASS = YES_ERROR;
				CLANG_WARN_QUOTED_INCLUDE_IN_FRAMEWORK_HEADER = YES;
				CLANG_WARN_RANGE_LOOP_ANALYSIS = YES;
				CLANG_WARN_STRICT_PROTOTYPES = YES;
				CLANG_WARN_SUSPICIOUS_MOVE = YES;
				CLANG_WARN_UNGUARDED_AVAILABILITY = YES_AGGRESSIVE;
				CLANG_WARN_UNREACHABLE_CODE = YES;
				CLANG_WARN__DUPLICATE_METHOD_MATCH = YES;
				COPY_PHASE_STRIP = NO;
				DEBUG_INFORMATION_FORMAT = "dwarf-with-dsym";
				ENABLE_NS_ASSERTIONS = NO;
				ENABLE_STRICT_OBJC_MSGSEND = YES;
				GCC_C_LANGUAGE_STANDARD = gnu11;
				GCC_NO_COMMON_BLOCKS = YES;
				GCC_WARN_64_TO_32_BIT_CONVERSION = YES;
				GCC_WARN_ABOUT_RETURN_TYPE = YES_ERROR;
				GCC_WARN_UNDECLARED_SELECTOR = YES;
				GCC_WARN_UNINITIALIZED_AUTOS = YES_AGGRESSIVE;
				GCC_WARN_UNUSED_FUNCTION = YES;
				GCC_WARN_UNUSED_VARIABLE = YES;
				MACOSX_DEPLOYMENT_TARGET = 10.14;
				MTL_ENABLE_DEBUG_INFO = NO;
				MTL_FAST_MATH = YES;
				SDKROOT = macosx;
				SWIFT_COMPILATION_MODE = wholemodule;
				SWIFT_OPTIMIZATION_LEVEL = "-O";
			};
			name = Release;
		};
		80D6DEDE252E13CD00AEED9E /* Debug */ = {
			isa = XCBuildConfiguration;
			buildSettings = {
				ASSETCATALOG_COMPILER_APPICON_NAME = AppIcon;
				ASSETCATALOG_COMPILER_GLOBAL_ACCENT_COLOR_NAME = AccentColor;
				CODE_SIGN_ENTITLEMENTS = Focalboard/Focalboard.entitlements;
				CODE_SIGN_IDENTITY = "-";
				CODE_SIGN_STYLE = Manual;
				COMBINE_HIDPI_IMAGES = YES;
				CURRENT_PROJECT_VERSION = 20;
				DEVELOPMENT_TEAM = HFP57A3MYB;
				ENABLE_HARDENED_RUNTIME = YES;
				INFOPLIST_FILE = Focalboard/Info.plist;
				LD_RUNPATH_SEARCH_PATHS = (
					"$(inherited)",
					"@executable_path/../Frameworks",
				);
				PRODUCT_BUNDLE_IDENTIFIER = com.mattermost.focalboard;
				PRODUCT_NAME = "$(TARGET_NAME)";
				PROVISIONING_PROFILE_SPECIFIER = "";
				SWIFT_VERSION = 5.0;
			};
			name = Debug;
		};
		80D6DEDF252E13CD00AEED9E /* Release */ = {
			isa = XCBuildConfiguration;
			buildSettings = {
				ASSETCATALOG_COMPILER_APPICON_NAME = AppIcon;
				ASSETCATALOG_COMPILER_GLOBAL_ACCENT_COLOR_NAME = AccentColor;
				CODE_SIGN_ENTITLEMENTS = Focalboard/Focalboard.entitlements;
				CODE_SIGN_IDENTITY = "-";
				CODE_SIGN_STYLE = Manual;
				COMBINE_HIDPI_IMAGES = YES;
				CURRENT_PROJECT_VERSION = 20;
				DEVELOPMENT_TEAM = HFP57A3MYB;
				ENABLE_HARDENED_RUNTIME = YES;
				INFOPLIST_FILE = Focalboard/Info.plist;
				LD_RUNPATH_SEARCH_PATHS = (
					"$(inherited)",
					"@executable_path/../Frameworks",
				);
				PRODUCT_BUNDLE_IDENTIFIER = com.mattermost.focalboard;
				PRODUCT_NAME = "$(TARGET_NAME)";
				PROVISIONING_PROFILE_SPECIFIER = "";
				SWIFT_VERSION = 5.0;
			};
			name = Release;
		};
		80D6DEE1252E13CD00AEED9E /* Debug */ = {
			isa = XCBuildConfiguration;
			buildSettings = {
				ALWAYS_EMBED_SWIFT_STANDARD_LIBRARIES = YES;
				BUNDLE_LOADER = "$(TEST_HOST)";
				CODE_SIGN_STYLE = Manual;
				COMBINE_HIDPI_IMAGES = YES;
				DEVELOPMENT_TEAM = UQ8HT4Q2XM;
				INFOPLIST_FILE = FocalboardTests/Info.plist;
				LD_RUNPATH_SEARCH_PATHS = (
					"$(inherited)",
					"@executable_path/../Frameworks",
					"@loader_path/../Frameworks",
				);
				MACOSX_DEPLOYMENT_TARGET = 10.15;
				PRODUCT_BUNDLE_IDENTIFIER = com.mattermost.focalboardTests;
				PRODUCT_NAME = "$(TARGET_NAME)";
				SWIFT_VERSION = 5.0;
				TEST_HOST = "$(BUILT_PRODUCTS_DIR)/Focalboard.app/Contents/MacOS/Focalboard";
			};
			name = Debug;
		};
		80D6DEE2252E13CD00AEED9E /* Release */ = {
			isa = XCBuildConfiguration;
			buildSettings = {
				ALWAYS_EMBED_SWIFT_STANDARD_LIBRARIES = YES;
				BUNDLE_LOADER = "$(TEST_HOST)";
				CODE_SIGN_STYLE = Manual;
				COMBINE_HIDPI_IMAGES = YES;
				DEVELOPMENT_TEAM = UQ8HT4Q2XM;
				INFOPLIST_FILE = FocalboardTests/Info.plist;
				LD_RUNPATH_SEARCH_PATHS = (
					"$(inherited)",
					"@executable_path/../Frameworks",
					"@loader_path/../Frameworks",
				);
				MACOSX_DEPLOYMENT_TARGET = 10.15;
				PRODUCT_BUNDLE_IDENTIFIER = com.mattermost.focalboardTests;
				PRODUCT_NAME = "$(TARGET_NAME)";
				SWIFT_VERSION = 5.0;
				TEST_HOST = "$(BUILT_PRODUCTS_DIR)/Focalboard.app/Contents/MacOS/Focalboard";
			};
			name = Release;
		};
		80D6DEE4252E13CD00AEED9E /* Debug */ = {
			isa = XCBuildConfiguration;
			buildSettings = {
				ALWAYS_EMBED_SWIFT_STANDARD_LIBRARIES = YES;
				CODE_SIGN_STYLE = Manual;
				COMBINE_HIDPI_IMAGES = YES;
				DEVELOPMENT_TEAM = UQ8HT4Q2XM;
				INFOPLIST_FILE = FocalboardUITests/Info.plist;
				LD_RUNPATH_SEARCH_PATHS = (
					"$(inherited)",
					"@executable_path/../Frameworks",
					"@loader_path/../Frameworks",
				);
				PRODUCT_BUNDLE_IDENTIFIER = com.mattermost.focalboardUITests;
				PRODUCT_NAME = "$(TARGET_NAME)";
				SWIFT_VERSION = 5.0;
				TEST_TARGET_NAME = Focalboard;
			};
			name = Debug;
		};
		80D6DEE5252E13CD00AEED9E /* Release */ = {
			isa = XCBuildConfiguration;
			buildSettings = {
				ALWAYS_EMBED_SWIFT_STANDARD_LIBRARIES = YES;
				CODE_SIGN_STYLE = Manual;
				COMBINE_HIDPI_IMAGES = YES;
				DEVELOPMENT_TEAM = UQ8HT4Q2XM;
				INFOPLIST_FILE = FocalboardUITests/Info.plist;
				LD_RUNPATH_SEARCH_PATHS = (
					"$(inherited)",
					"@executable_path/../Frameworks",
					"@loader_path/../Frameworks",
				);
				PRODUCT_BUNDLE_IDENTIFIER = com.mattermost.focalboardUITests;
				PRODUCT_NAME = "$(TARGET_NAME)";
				SWIFT_VERSION = 5.0;
				TEST_TARGET_NAME = Focalboard;
			};
			name = Release;
		};
/* End XCBuildConfiguration section */

/* Begin XCConfigurationList section */
		80D6DEB2252E13CB00AEED9E /* Build configuration list for PBXProject "Focalboard" */ = {
			isa = XCConfigurationList;
			buildConfigurations = (
				80D6DEDB252E13CD00AEED9E /* Debug */,
				80D6DEDC252E13CD00AEED9E /* Release */,
			);
			defaultConfigurationIsVisible = 0;
			defaultConfigurationName = Release;
		};
		80D6DEDD252E13CD00AEED9E /* Build configuration list for PBXNativeTarget "Focalboard" */ = {
			isa = XCConfigurationList;
			buildConfigurations = (
				80D6DEDE252E13CD00AEED9E /* Debug */,
				80D6DEDF252E13CD00AEED9E /* Release */,
			);
			defaultConfigurationIsVisible = 0;
			defaultConfigurationName = Release;
		};
		80D6DEE0252E13CD00AEED9E /* Build configuration list for PBXNativeTarget "FocalboardTests" */ = {
			isa = XCConfigurationList;
			buildConfigurations = (
				80D6DEE1252E13CD00AEED9E /* Debug */,
				80D6DEE2252E13CD00AEED9E /* Release */,
			);
			defaultConfigurationIsVisible = 0;
			defaultConfigurationName = Release;
		};
		80D6DEE3252E13CD00AEED9E /* Build configuration list for PBXNativeTarget "FocalboardUITests" */ = {
			isa = XCConfigurationList;
			buildConfigurations = (
				80D6DEE4252E13CD00AEED9E /* Debug */,
				80D6DEE5252E13CD00AEED9E /* Release */,
			);
			defaultConfigurationIsVisible = 0;
			defaultConfigurationName = Release;
		};
/* End XCConfigurationList section */
	};
	rootObject = 80D6DEAF252E13CB00AEED9E /* Project object */;
}
