
Microsoft Visual Studio Solution File, Format Version 12.00
# Visual Studio Version 16
VisualStudioVersion = 16.0.30907.101
MinimumVisualStudioVersion = 10.0.40219.1
Project("{FAE04EC0-301F-11D3-BF4B-00C04F79EFBC}") = "Focalboard", "Focalboard\Focalboard.csproj", "{7B3F5C74-96AC-4521-9268-28BF2D91FCF4}"
EndProject
Global
	GlobalSection(SolutionConfigurationPlatforms) = preSolution
		Debug|Any CPU = Debug|Any CPU
		Debug|x64 = Debug|x64
		Release|Any CPU = Release|Any CPU
		Release|x64 = Release|x64
	EndGlobalSection
	GlobalSection(ProjectConfigurationPlatforms) = postSolution
		{7B3F5C74-96AC-4521-9268-28BF2D91FCF4}.Debug|Any CPU.ActiveCfg = Debug|Any CPU
		{7B3F5C74-96AC-4521-9268-28BF2D91FCF4}.Debug|Any CPU.Build.0 = Debug|Any CPU
		{7B3F5C74-96AC-4521-9268-28BF2D91FCF4}.Debug|x64.ActiveCfg = Debug|x64
		{7B3F5C74-96AC-4521-9268-28BF2D91FCF4}.Debug|x64.Build.0 = Debug|x64
		{7B3F5C74-96AC-4521-9268-28BF2D91FCF4}.Release|Any CPU.ActiveCfg = Release|Any CPU
		{7B3F5C74-96AC-4521-9268-28BF2D91FCF4}.Release|Any CPU.Build.0 = Release|Any CPU
		{7B3F5C74-96AC-4521-9268-28BF2D91FCF4}.Release|x64.ActiveCfg = Release|x64
		{7B3F5C74-96AC-4521-9268-28BF2D91FCF4}.Release|x64.Build.0 = Release|x64
	EndGlobalSection
	GlobalSection(SolutionProperties) = preSolution
		HideSolutionNode = FALSE
	EndGlobalSection
	GlobalSection(ExtensibilityGlobals) = postSolution
		SolutionGuid = {8583DA40-AB6E-4AC4-89EC-F2419CE044D1}
	EndGlobalSection
EndGlobal
